
Microsoft Visual Studio Solution File, Format Version 12.00
# Visual Studio Version 16
VisualStudioVersion = 16.0.34407.143
MinimumVisualStudioVersion = 10.0.40219.1
Project("{FAE04EC0-301F-11D3-BF4B-00C04F79EFBC}") = "ClothBazar.Web", "ClothBazar.Web\ClothBazar.Web.csproj", "{8EAC30D3-EA29-4CB6-8588-AC98FFE9772C}"
EndProject
Project("{FAE04EC0-301F-11D3-BF4B-00C04F79EFBC}") = "ClothBazar.Entities", "ClothBazar.Entities\ClothBazar.Entities.csproj", "{DCDDA3A5-2CA0-4026-870E-9342DB7D97C0}"
EndProject
Project("{FAE04EC0-301F-11D3-BF4B-00C04F79EFBC}") = "ClothBazar.Database", "ClothBazar.Database\ClothBazar.Database.csproj", "{E9C8762E-E7D0-4B55-A493-4981E0CC4118}"
EndProject
Global
	GlobalSection(SolutionConfigurationPlatforms) = preSolution
		Debug|Any CPU = Debug|Any CPU
		Release|Any CPU = Release|Any CPU
	EndGlobalSection
	GlobalSection(ProjectConfigurationPlatforms) = postSolution
		{8EAC30D3-EA29-4CB6-8588-AC98FFE9772C}.Debug|Any CPU.ActiveCfg = Debug|Any CPU
		{8EAC30D3-EA29-4CB6-8588-AC98FFE9772C}.Debug|Any CPU.Build.0 = Debug|Any CPU
		{8EAC30D3-EA29-4CB6-8588-AC98FFE9772C}.Release|Any CPU.ActiveCfg = Release|Any CPU
		{8EAC30D3-EA29-4CB6-8588-AC98FFE9772C}.Release|Any CPU.Build.0 = Release|Any CPU
		{DCDDA3A5-2CA0-4026-870E-9342DB7D97C0}.Debug|Any CPU.ActiveCfg = Debug|Any CPU
		{DCDDA3A5-2CA0-4026-870E-9342DB7D97C0}.Debug|Any CPU.Build.0 = Debug|Any CPU
		{DCDDA3A5-2CA0-4026-870E-9342DB7D97C0}.Release|Any CPU.ActiveCfg = Release|Any CPU
		{DCDDA3A5-2CA0-4026-870E-9342DB7D97C0}.Release|Any CPU.Build.0 = Release|Any CPU
		{E9C8762E-E7D0-4B55-A493-4981E0CC4118}.Debug|Any CPU.ActiveCfg = Debug|Any CPU
		{E9C8762E-E7D0-4B55-A493-4981E0CC4118}.Debug|Any CPU.Build.0 = Debug|Any CPU
		{E9C8762E-E7D0-4B55-A493-4981E0CC4118}.Release|Any CPU.ActiveCfg = Release|Any CPU
		{E9C8762E-E7D0-4B55-A493-4981E0CC4118}.Release|Any CPU.Build.0 = Release|Any CPU
	EndGlobalSection
	GlobalSection(SolutionProperties) = preSolution
		HideSolutionNode = FALSE
	EndGlobalSection
	GlobalSection(ExtensibilityGlobals) = postSolution
		SolutionGuid = {F4BDF56A-7260-4148-B9C0-404664665F66}
	EndGlobalSection
EndGlobal
